
Microsoft Visual Studio Solution File, Format Version 12.00
# Visual Studio Version 16
VisualStudioVersion = 16.0.29123.89
MinimumVisualStudioVersion = 10.0.40219.1
Project("{9A19103F-16F7-4668-BE54-9A1E7A4F7556}") = "FunctionalProgramming", "FunctionalProgramming.csproj", "{D7351219-BBC1-478C-A6CD-F124C1F19FE5}"
EndProject
Global
	GlobalSection(SolutionConfigurationPlatforms) = preSolution
		Debug|Any CPU = Debug|Any CPU
		Release|Any CPU = Release|Any CPU
	EndGlobalSection
	GlobalSection(ProjectConfigurationPlatforms) = postSolution
		{D7351219-BBC1-478C-A6CD-F124C1F19FE5}.Debug|Any CPU.ActiveCfg = Debug|Any CPU
		{D7351219-BBC1-478C-A6CD-F124C1F19FE5}.Debug|Any CPU.Build.0 = Debug|Any CPU
		{D7351219-BBC1-478C-A6CD-F124C1F19FE5}.Release|Any CPU.ActiveCfg = Release|Any CPU
		{D7351219-BBC1-478C-A6CD-F124C1F19FE5}.Release|Any CPU.Build.0 = Release|Any CPU
	EndGlobalSection
	GlobalSection(SolutionProperties) = preSolution
		HideSolutionNode = FALSE
	EndGlobalSection
	GlobalSection(ExtensibilityGlobals) = postSolution
		SolutionGuid = {61D8A557-E03E-4998-AAFD-A1EA545530CC}
	EndGlobalSection
EndGlobal
