
Microsoft Visual Studio Solution File, Format Version 12.00
# Visual Studio 15
VisualStudioVersion = 15.0.26730.3
MinimumVisualStudioVersion = 10.0.40219.1
Project("{9A19103F-16F7-4668-BE54-9A1E7A4F7556}") = "Tetris", "tetris\Tetris.csproj", "{F31EA7F7-A22A-486E-A92B-90CEF9D08DC7}"
EndProject
Project("{FAE04EC0-301F-11D3-BF4B-00C04F79EFBC}") = "Tetris.Tests", "Tetris.Tests\Tetris.Tests.csproj", "{A989009E-CBC1-4EF3-9826-606E6473378C}"
EndProject
Global
	GlobalSection(SolutionConfigurationPlatforms) = preSolution
		Debug|Any CPU = Debug|Any CPU
		Release|Any CPU = Release|Any CPU
	EndGlobalSection
	GlobalSection(ProjectConfigurationPlatforms) = postSolution
		{F31EA7F7-A22A-486E-A92B-90CEF9D08DC7}.Debug|Any CPU.ActiveCfg = Debug|Any CPU
		{F31EA7F7-A22A-486E-A92B-90CEF9D08DC7}.Debug|Any CPU.Build.0 = Debug|Any CPU
		{F31EA7F7-A22A-486E-A92B-90CEF9D08DC7}.Release|Any CPU.ActiveCfg = Release|Any CPU
		{F31EA7F7-A22A-486E-A92B-90CEF9D08DC7}.Release|Any CPU.Build.0 = Release|Any CPU
		{A989009E-CBC1-4EF3-9826-606E6473378C}.Debug|Any CPU.ActiveCfg = Debug|Any CPU
		{A989009E-CBC1-4EF3-9826-606E6473378C}.Debug|Any CPU.Build.0 = Debug|Any CPU
		{A989009E-CBC1-4EF3-9826-606E6473378C}.Release|Any CPU.ActiveCfg = Release|Any CPU
		{A989009E-CBC1-4EF3-9826-606E6473378C}.Release|Any CPU.Build.0 = Release|Any CPU
	EndGlobalSection
	GlobalSection(SolutionProperties) = preSolution
		HideSolutionNode = FALSE
	EndGlobalSection
	GlobalSection(ExtensibilityGlobals) = postSolution
		SolutionGuid = {25E0696C-E692-4225-BDAC-4F63752FC65A}
	EndGlobalSection
EndGlobal
