
Microsoft Visual Studio Solution File, Format Version 12.00
# Visual Studio Version 16
VisualStudioVersion = 16.0.29319.158
MinimumVisualStudioVersion = 10.0.40219.1
Project("{FAE04EC0-301F-11D3-BF4B-00C04F79EFBC}") = "TravelPlanner", "TravelPlanner\TravelPlanner.csproj", "{A5F61867-2F1A-46D7-A9B5-5727E9C4076F}"
EndProject
Project("{FAE04EC0-301F-11D3-BF4B-00C04F79EFBC}") = "TravelPlanner.Logic", "TravelPlanner.Logic\TravelPlanner.Logic.csproj", "{E89028C0-CE37-4D01-A531-84D7C595F05D}"
EndProject
Global
	GlobalSection(SolutionConfigurationPlatforms) = preSolution
		Debug|Any CPU = Debug|Any CPU
		Release|Any CPU = Release|Any CPU
	EndGlobalSection
	GlobalSection(ProjectConfigurationPlatforms) = postSolution
		{A5F61867-2F1A-46D7-A9B5-5727E9C4076F}.Debug|Any CPU.ActiveCfg = Debug|Any CPU
		{A5F61867-2F1A-46D7-A9B5-5727E9C4076F}.Debug|Any CPU.Build.0 = Debug|Any CPU
		{A5F61867-2F1A-46D7-A9B5-5727E9C4076F}.Release|Any CPU.ActiveCfg = Release|Any CPU
		{A5F61867-2F1A-46D7-A9B5-5727E9C4076F}.Release|Any CPU.Build.0 = Release|Any CPU
		{E89028C0-CE37-4D01-A531-84D7C595F05D}.Debug|Any CPU.ActiveCfg = Debug|Any CPU
		{E89028C0-CE37-4D01-A531-84D7C595F05D}.Debug|Any CPU.Build.0 = Debug|Any CPU
		{E89028C0-CE37-4D01-A531-84D7C595F05D}.Release|Any CPU.ActiveCfg = Release|Any CPU
		{E89028C0-CE37-4D01-A531-84D7C595F05D}.Release|Any CPU.Build.0 = Release|Any CPU
	EndGlobalSection
	GlobalSection(SolutionProperties) = preSolution
		HideSolutionNode = FALSE
	EndGlobalSection
	GlobalSection(ExtensibilityGlobals) = postSolution
		SolutionGuid = {FD316792-178E-45D4-9CC7-00A3048EBC08}
	EndGlobalSection
EndGlobal
