
Microsoft Visual Studio Solution File, Format Version 12.00
# Visual Studio Version 16
VisualStudioVersion = 16.0.29521.150
MinimumVisualStudioVersion = 10.0.40219.1
Project("{FAE04EC0-301F-11D3-BF4B-00C04F79EFBC}") = "MvvmDemo", "MvvmDemo\MvvmDemo.csproj", "{7C2C9BCC-6313-4AD2-94C6-7622E9DF1532}"
EndProject
Project("{FAE04EC0-301F-11D3-BF4B-00C04F79EFBC}") = "Turmrechnen.Logic", "Turmrechnen.Logic\Turmrechnen.Logic.csproj", "{560AE332-4B9D-41E9-86A6-A22AC7EF7BF6}"
EndProject
Project("{FAE04EC0-301F-11D3-BF4B-00C04F79EFBC}") = "Turmrechnen.ViewModel", "Turmrechnen.ViewModel\Turmrechnen.ViewModel.csproj", "{6F7D646D-7D88-48F9-92CC-B17D5E1F32F6}"
EndProject
Project("{FAE04EC0-301F-11D3-BF4B-00C04F79EFBC}") = "Turmrechnen.Logic.Tests", "Turmrechnen.Logic.Tests\Turmrechnen.Logic.Tests.csproj", "{1CA236AE-6AC4-4F40-AD9B-57567EDD58BD}"
EndProject
Project("{FAE04EC0-301F-11D3-BF4B-00C04F79EFBC}") = "Turmrechnen.ViewModel.Tests", "Turmrechnen.ViewModel.Tests\Turmrechnen.ViewModel.Tests.csproj", "{1604BEE6-2CE0-4C06-A0EE-3A458D4D186F}"
EndProject
Global
	GlobalSection(SolutionConfigurationPlatforms) = preSolution
		Debug|Any CPU = Debug|Any CPU
		Release|Any CPU = Release|Any CPU
	EndGlobalSection
	GlobalSection(ProjectConfigurationPlatforms) = postSolution
		{7C2C9BCC-6313-4AD2-94C6-7622E9DF1532}.Debug|Any CPU.ActiveCfg = Debug|Any CPU
		{7C2C9BCC-6313-4AD2-94C6-7622E9DF1532}.Debug|Any CPU.Build.0 = Debug|Any CPU
		{7C2C9BCC-6313-4AD2-94C6-7622E9DF1532}.Release|Any CPU.ActiveCfg = Release|Any CPU
		{7C2C9BCC-6313-4AD2-94C6-7622E9DF1532}.Release|Any CPU.Build.0 = Release|Any CPU
		{560AE332-4B9D-41E9-86A6-A22AC7EF7BF6}.Debug|Any CPU.ActiveCfg = Debug|Any CPU
		{560AE332-4B9D-41E9-86A6-A22AC7EF7BF6}.Debug|Any CPU.Build.0 = Debug|Any CPU
		{560AE332-4B9D-41E9-86A6-A22AC7EF7BF6}.Release|Any CPU.ActiveCfg = Release|Any CPU
		{560AE332-4B9D-41E9-86A6-A22AC7EF7BF6}.Release|Any CPU.Build.0 = Release|Any CPU
		{6F7D646D-7D88-48F9-92CC-B17D5E1F32F6}.Debug|Any CPU.ActiveCfg = Debug|Any CPU
		{6F7D646D-7D88-48F9-92CC-B17D5E1F32F6}.Debug|Any CPU.Build.0 = Debug|Any CPU
		{6F7D646D-7D88-48F9-92CC-B17D5E1F32F6}.Release|Any CPU.ActiveCfg = Release|Any CPU
		{6F7D646D-7D88-48F9-92CC-B17D5E1F32F6}.Release|Any CPU.Build.0 = Release|Any CPU
		{1CA236AE-6AC4-4F40-AD9B-57567EDD58BD}.Debug|Any CPU.ActiveCfg = Debug|Any CPU
		{1CA236AE-6AC4-4F40-AD9B-57567EDD58BD}.Debug|Any CPU.Build.0 = Debug|Any CPU
		{1CA236AE-6AC4-4F40-AD9B-57567EDD58BD}.Release|Any CPU.ActiveCfg = Release|Any CPU
		{1CA236AE-6AC4-4F40-AD9B-57567EDD58BD}.Release|Any CPU.Build.0 = Release|Any CPU
		{1604BEE6-2CE0-4C06-A0EE-3A458D4D186F}.Debug|Any CPU.ActiveCfg = Debug|Any CPU
		{1604BEE6-2CE0-4C06-A0EE-3A458D4D186F}.Debug|Any CPU.Build.0 = Debug|Any CPU
		{1604BEE6-2CE0-4C06-A0EE-3A458D4D186F}.Release|Any CPU.ActiveCfg = Release|Any CPU
		{1604BEE6-2CE0-4C06-A0EE-3A458D4D186F}.Release|Any CPU.Build.0 = Release|Any CPU
	EndGlobalSection
	GlobalSection(SolutionProperties) = preSolution
		HideSolutionNode = FALSE
	EndGlobalSection
	GlobalSection(ExtensibilityGlobals) = postSolution
		SolutionGuid = {F63B2C48-6DD3-4122-BFEE-66963FEFBCBE}
	EndGlobalSection
EndGlobal
