
Microsoft Visual Studio Solution File, Format Version 12.00
# Visual Studio 15
VisualStudioVersion = 15.0.27110.0
MinimumVisualStudioVersion = 10.0.40219.1
Project("{FAE04EC0-301F-11D3-BF4B-00C04F79EFBC}") = "CashDesk", "CashDesk\CashDesk.csproj", "{2D11E0F5-A9E3-4DAB-B1A7-A32659AF78E4}"
EndProject
Project("{FAE04EC0-301F-11D3-BF4B-00C04F79EFBC}") = "CashDesk.Tests", "CashDesk.Tests\CashDesk.Tests.csproj", "{A576152D-50FF-45E4-98E6-22A500361E1C}"
EndProject
Global
	GlobalSection(SolutionConfigurationPlatforms) = preSolution
		Debug|Any CPU = Debug|Any CPU
		Release|Any CPU = Release|Any CPU
	EndGlobalSection
	GlobalSection(ProjectConfigurationPlatforms) = postSolution
		{2D11E0F5-A9E3-4DAB-B1A7-A32659AF78E4}.Debug|Any CPU.ActiveCfg = Debug|Any CPU
		{2D11E0F5-A9E3-4DAB-B1A7-A32659AF78E4}.Debug|Any CPU.Build.0 = Debug|Any CPU
		{2D11E0F5-A9E3-4DAB-B1A7-A32659AF78E4}.Release|Any CPU.ActiveCfg = Release|Any CPU
		{2D11E0F5-A9E3-4DAB-B1A7-A32659AF78E4}.Release|Any CPU.Build.0 = Release|Any CPU
		{A576152D-50FF-45E4-98E6-22A500361E1C}.Debug|Any CPU.ActiveCfg = Debug|Any CPU
		{A576152D-50FF-45E4-98E6-22A500361E1C}.Debug|Any CPU.Build.0 = Debug|Any CPU
		{A576152D-50FF-45E4-98E6-22A500361E1C}.Release|Any CPU.ActiveCfg = Release|Any CPU
		{A576152D-50FF-45E4-98E6-22A500361E1C}.Release|Any CPU.Build.0 = Release|Any CPU
	EndGlobalSection
	GlobalSection(SolutionProperties) = preSolution
		HideSolutionNode = FALSE
	EndGlobalSection
	GlobalSection(ExtensibilityGlobals) = postSolution
		SolutionGuid = {45BC8885-4791-4289-A1E2-F5C7AFA23972}
	EndGlobalSection
EndGlobal
