
Microsoft Visual Studio Solution File, Format Version 12.00
# Visual Studio 15
VisualStudioVersion = 15.0.26923.0
MinimumVisualStudioVersion = 10.0.40219.1
Project("{FAE04EC0-301F-11D3-BF4B-00C04F79EFBC}") = "SimpleCpuProfiling", "SimpleCpuProfiling.csproj", "{552C1BD5-DBA4-42BB-924A-1BEE5B3D2CEC}"
EndProject
Global
	GlobalSection(SolutionConfigurationPlatforms) = preSolution
		Debug|Any CPU = Debug|Any CPU
		Release|Any CPU = Release|Any CPU
	EndGlobalSection
	GlobalSection(ProjectConfigurationPlatforms) = postSolution
		{552C1BD5-DBA4-42BB-924A-1BEE5B3D2CEC}.Debug|Any CPU.ActiveCfg = Debug|Any CPU
		{552C1BD5-DBA4-42BB-924A-1BEE5B3D2CEC}.Debug|Any CPU.Build.0 = Debug|Any CPU
		{552C1BD5-DBA4-42BB-924A-1BEE5B3D2CEC}.Release|Any CPU.ActiveCfg = Release|Any CPU
		{552C1BD5-DBA4-42BB-924A-1BEE5B3D2CEC}.Release|Any CPU.Build.0 = Release|Any CPU
	EndGlobalSection
	GlobalSection(SolutionProperties) = preSolution
		HideSolutionNode = FALSE
	EndGlobalSection
	GlobalSection(ExtensibilityGlobals) = postSolution
		SolutionGuid = {3115B826-0475-497A-A75A-626D5B7690E2}
	EndGlobalSection
EndGlobal
