
Microsoft Visual Studio Solution File, Format Version 12.00
# Visual Studio 15
VisualStudioVersion = 15.0.27110.0
MinimumVisualStudioVersion = 10.0.40219.1
Project("{FAE04EC0-301F-11D3-BF4B-00C04F79EFBC}") = "EntityFrameworkWebApi", "EntityFrameworkWebApi.csproj", "{5EA10A02-0260-4301-9D42-278CD1505CE1}"
EndProject
Global
	GlobalSection(SolutionConfigurationPlatforms) = preSolution
		Debug|Any CPU = Debug|Any CPU
		Release|Any CPU = Release|Any CPU
	EndGlobalSection
	GlobalSection(ProjectConfigurationPlatforms) = postSolution
		{5EA10A02-0260-4301-9D42-278CD1505CE1}.Debug|Any CPU.ActiveCfg = Debug|Any CPU
		{5EA10A02-0260-4301-9D42-278CD1505CE1}.Debug|Any CPU.Build.0 = Debug|Any CPU
		{5EA10A02-0260-4301-9D42-278CD1505CE1}.Release|Any CPU.ActiveCfg = Release|Any CPU
		{5EA10A02-0260-4301-9D42-278CD1505CE1}.Release|Any CPU.Build.0 = Release|Any CPU
	EndGlobalSection
	GlobalSection(SolutionProperties) = preSolution
		HideSolutionNode = FALSE
	EndGlobalSection
	GlobalSection(ExtensibilityGlobals) = postSolution
		SolutionGuid = {2544FDC1-D549-4A74-9C31-EA67628F13B7}
	EndGlobalSection
EndGlobal
